
Microsoft Visual Studio Solution File, Format Version 12.00
Project("{FAE04EC0-301F-11D3-BF4B-00C04F79EFBC}") = "MgFinanceiro.API", "MgFinanceiro.API\MgFinanceiro.API.csproj", "{76456F53-7C7A-4624-817D-ECCE196323B4}"
EndProject
Project("{FAE04EC0-301F-11D3-BF4B-00C04F79EFBC}") = "MgFinanceiro.Tests", "MgFinanceiro.Tests\MgFinanceiro.Tests.csproj", "{B33A7F08-F34E-462B-B647-F13B6760B896}"
EndProject
Project("{FAE04EC0-301F-11D3-BF4B-00C04F79EFBC}") = "MgFinanceiro.Application", "MgFinanceiro.Application\MgFinanceiro.Application.csproj", "{7CA460CB-D5B5-4BE3-BE68-F15A72C125C2}"
EndProject
Project("{FAE04EC0-301F-11D3-BF4B-00C04F79EFBC}") = "MgFinanceiro.Infrastructure", "MgFinanceiro.Infrastructure\MgFinanceiro.Infrastructure.csproj", "{7137523F-096B-42AD-97A9-C009215BC135}"
EndProject
Project("{FAE04EC0-301F-11D3-BF4B-00C04F79EFBC}") = "MgFinanceiro.Domain", "MgFinanceiro.Domain\MgFinanceiro.Domain.csproj", "{FA64921E-7944-470B-8899-F3AEE0BB6351}"
EndProject
Global
	GlobalSection(SolutionConfigurationPlatforms) = preSolution
		Debug|Any CPU = Debug|Any CPU
		Release|Any CPU = Release|Any CPU
	EndGlobalSection
	GlobalSection(ProjectConfigurationPlatforms) = postSolution
		{76456F53-7C7A-4624-817D-ECCE196323B4}.Debug|Any CPU.ActiveCfg = Debug|Any CPU
		{76456F53-7C7A-4624-817D-ECCE196323B4}.Debug|Any CPU.Build.0 = Debug|Any CPU
		{76456F53-7C7A-4624-817D-ECCE196323B4}.Release|Any CPU.ActiveCfg = Release|Any CPU
		{76456F53-7C7A-4624-817D-ECCE196323B4}.Release|Any CPU.Build.0 = Release|Any CPU
		{B33A7F08-F34E-462B-B647-F13B6760B896}.Debug|Any CPU.ActiveCfg = Debug|Any CPU
		{B33A7F08-F34E-462B-B647-F13B6760B896}.Debug|Any CPU.Build.0 = Debug|Any CPU
		{B33A7F08-F34E-462B-B647-F13B6760B896}.Release|Any CPU.ActiveCfg = Release|Any CPU
		{B33A7F08-F34E-462B-B647-F13B6760B896}.Release|Any CPU.Build.0 = Release|Any CPU
		{7CA460CB-D5B5-4BE3-BE68-F15A72C125C2}.Debug|Any CPU.ActiveCfg = Debug|Any CPU
		{7CA460CB-D5B5-4BE3-BE68-F15A72C125C2}.Debug|Any CPU.Build.0 = Debug|Any CPU
		{7CA460CB-D5B5-4BE3-BE68-F15A72C125C2}.Release|Any CPU.ActiveCfg = Release|Any CPU
		{7CA460CB-D5B5-4BE3-BE68-F15A72C125C2}.Release|Any CPU.Build.0 = Release|Any CPU
		{7137523F-096B-42AD-97A9-C009215BC135}.Debug|Any CPU.ActiveCfg = Debug|Any CPU
		{7137523F-096B-42AD-97A9-C009215BC135}.Debug|Any CPU.Build.0 = Debug|Any CPU
		{7137523F-096B-42AD-97A9-C009215BC135}.Release|Any CPU.ActiveCfg = Release|Any CPU
		{7137523F-096B-42AD-97A9-C009215BC135}.Release|Any CPU.Build.0 = Release|Any CPU
		{FA64921E-7944-470B-8899-F3AEE0BB6351}.Debug|Any CPU.ActiveCfg = Debug|Any CPU
		{FA64921E-7944-470B-8899-F3AEE0BB6351}.Debug|Any CPU.Build.0 = Debug|Any CPU
		{FA64921E-7944-470B-8899-F3AEE0BB6351}.Release|Any CPU.ActiveCfg = Release|Any CPU
		{FA64921E-7944-470B-8899-F3AEE0BB6351}.Release|Any CPU.Build.0 = Release|Any CPU
	EndGlobalSection
EndGlobal
